
Microsoft Visual Studio Solution File, Format Version 12.00
# Visual Studio Version 16
VisualStudioVersion = 25.0.1706.14
MinimumVisualStudioVersion = 10.0.40219.1
Project("{FAE04EC0-301F-11D3-BF4B-00C04F79EFBC}") = "op-2025-a-0916-78853", "op-2025-a-0916-78853\op-2025-a-0916-78853.csproj", "{32B1E5BC-E9A8-4800-9396-D42E2E0B86F5}"
EndProject
Global
	GlobalSection(SolutionConfigurationPlatforms) = preSolution
		Debug|Any CPU = Debug|Any CPU
		Release|Any CPU = Release|Any CPU
	EndGlobalSection
	GlobalSection(ProjectConfigurationPlatforms) = postSolution
		{32B1E5BC-E9A8-4800-9396-D42E2E0B86F5}.Debug|Any CPU.ActiveCfg = Debug|Any CPU
		{32B1E5BC-E9A8-4800-9396-D42E2E0B86F5}.Debug|Any CPU.Build.0 = Debug|Any CPU
		{32B1E5BC-E9A8-4800-9396-D42E2E0B86F5}.Release|Any CPU.ActiveCfg = Release|Any CPU
		{32B1E5BC-E9A8-4800-9396-D42E2E0B86F5}.Release|Any CPU.Build.0 = Release|Any CPU
	EndGlobalSection
	GlobalSection(SolutionProperties) = preSolution
		HideSolutionNode = FALSE
	EndGlobalSection
	GlobalSection(ExtensibilityGlobals) = postSolution
		SolutionGuid = {0B2A11BD-A586-4131-B761-D629DD83EB96}
	EndGlobalSection
EndGlobal
