
Microsoft Visual Studio Solution File, Format Version 12.00
# Visual Studio Version 16
VisualStudioVersion = 25.0.1706.14
MinimumVisualStudioVersion = 10.0.40219.1
Project("{FAE04EC0-301F-11D3-BF4B-00C04F79EFBC}") = "op-2025-a-0916-78853", "op-2025-a-0916-78853\op-2025-a-0916-78853.csproj", "{59893689-E674-405D-826F-23833BF88DDD}"
EndProject
Global
	GlobalSection(SolutionConfigurationPlatforms) = preSolution
		Debug|Any CPU = Debug|Any CPU
		Release|Any CPU = Release|Any CPU
	EndGlobalSection
	GlobalSection(ProjectConfigurationPlatforms) = postSolution
		{59893689-E674-405D-826F-23833BF88DDD}.Debug|Any CPU.ActiveCfg = Debug|Any CPU
		{59893689-E674-405D-826F-23833BF88DDD}.Debug|Any CPU.Build.0 = Debug|Any CPU
		{59893689-E674-405D-826F-23833BF88DDD}.Release|Any CPU.ActiveCfg = Release|Any CPU
		{59893689-E674-405D-826F-23833BF88DDD}.Release|Any CPU.Build.0 = Release|Any CPU
	EndGlobalSection
	GlobalSection(SolutionProperties) = preSolution
		HideSolutionNode = FALSE
	EndGlobalSection
	GlobalSection(ExtensibilityGlobals) = postSolution
		SolutionGuid = {5055A46E-C663-4970-8336-1F750B2F26E9}
	EndGlobalSection
EndGlobal
